<?xml version="1.0" encoding="utf-8"?>
<Project ToolsVersion="4.0" xmlns="http://schemas.microsoft.com/developer/msbuild/2003">
  <ItemGroup>
    <Filter Include="Source Files">
      <UniqueIdentifier>{4FC737F1-C7A5-4376-A066-2A32D752A2FF}</UniqueIdentifier>
      <Extensions>cpp;c;cc;cxx;def;odl;idl;hpj;bat;asm;asmx</Extensions>
    </Filter>
    <Filter Include="Header Files">
      <UniqueIdentifier>{93995380-89BD-4b04-88EB-625FBE52EBFB}</UniqueIdentifier>
      <Extensions>h;hh;hpp;hxx;hm;inl;inc;xsd</Extensions>
    </Filter>
    <Filter Include="Resource Files">
      <UniqueIdentifier>{67DA6AB6-F800-4c08-8B7A-83BB121AAD01}</UniqueIdentifier>
      <Extensions>rc;ico;cur;bmp;dlg;rc2;rct;bin;rgs;gif;jpg;jpeg;jpe;resx;tiff;tif;png;wav;mfcribbon-ms</Extensions>
    </Filter>
    <Filter Include="Source Files\Units">
      <UniqueIdentifier>{32f63003-ece5-4fc1-a0c5-cfebc5705839}</UniqueIdentifier>
    </Filter>
    <Filter Include="Header Files\Units">
      <UniqueIdentifier>{eb8b960e-2e2c-4d94-8ad3-b40c6756cec2}</UniqueIdentifier>
    </Filter>
    <Filter Include="Header Files\Units\Infantry">
      <UniqueIdentifier>{39df782d-1561-4a51-a170-1ea0a35970e8}</UniqueIdentifier>
    </Filter>
    <Filter Include="Header Files\Units\Infantry\Attacker">
      <UniqueIdentifier>{076b4911-abe4-43cc-ac42-13ee3d1f20d2}</UniqueIdentifier>
    </Filter>
    <Filter Include="Header Files\Units\Infantry\Healer">
      <UniqueIdentifier>{58ba5729-4251-4215-b238-b7676648dcf9}</UniqueIdentifier>
    </Filter>
    <Filter Include="Source Files\Units\Infantry">
      <UniqueIdentifier>{650b11c9-be31-4faa-a9e0-512f8c769cb2}</UniqueIdentifier>
    </Filter>
    <Filter Include="Source Files\Units\Infantry\Attacker">
      <UniqueIdentifier>{e09ae6c2-2598-43dc-9588-bf3b63cb58a8}</UniqueIdentifier>
    </Filter>
    <Filter Include="Source Files\Units\Infantry\Healer">
      <UniqueIdentifier>{e94b6cef-f434-4fca-941e-35e2870eda4d}</UniqueIdentifier>
    </Filter>
    <Filter Include="Source Files\Units\Structure">
      <UniqueIdentifier>{37ce306c-6848-4c87-b03f-2e3ae27befdc}</UniqueIdentifier>
    </Filter>
    <Filter Include="Source Files\Units\Structure\UnitBuilder">
      <UniqueIdentifier>{3f135654-15ff-4341-8195-5df36f79f037}</UniqueIdentifier>
    </Filter>
    <Filter Include="Source Files\Units\Structure\Defense">
      <UniqueIdentifier>{743ec7b0-03db-4f31-9cc0-0fcad51c54a2}</UniqueIdentifier>
    </Filter>
    <Filter Include="Header Files\Units\Structure">
      <UniqueIdentifier>{121decec-3d4c-40bf-b1ba-dd99009b2b74}</UniqueIdentifier>
    </Filter>
    <Filter Include="Header Files\Units\Structure\UnitBuilder">
      <UniqueIdentifier>{89a29cd9-e32c-45e2-97fa-db757402ab97}</UniqueIdentifier>
    </Filter>
    <Filter Include="Header Files\Units\Structure\Defense">
      <UniqueIdentifier>{76720620-9389-4b90-8958-c50ac940605a}</UniqueIdentifier>
    </Filter>
    <Filter Include="Source Files\Units\Vehicle">
      <UniqueIdentifier>{418672cb-512c-4d90-8a1f-c39fb9577008}</UniqueIdentifier>
    </Filter>
    <Filter Include="Header Files\Units\Vehicle">
      <UniqueIdentifier>{6ac8efe5-2239-4a27-80af-ea7daef4ece1}</UniqueIdentifier>
    </Filter>
  </ItemGroup>
  <ItemGroup>
    <ClCompile Include="Main.cpp">
      <Filter>Source Files</Filter>
    </ClCompile>
    <ClCompile Include="BattleField.cpp">
      <Filter>Source Files</Filter>
    </ClCompile>
    <ClCompile Include="EasyGraphics.cpp">
      <Filter>Source Files</Filter>
    </ClCompile>
    <ClCompile Include="IUnit.cpp">
      <Filter>Source Files\Units</Filter>
    </ClCompile>
    <ClCompile Include="Saboteur.cpp">
      <Filter>Source Files\Units\Infantry\Attacker</Filter>
    </ClCompile>
    <ClCompile Include="Soldier.cpp">
      <Filter>Source Files\Units\Infantry\Attacker</Filter>
    </ClCompile>
    <ClCompile Include="Medic.cpp">
      <Filter>Source Files\Units\Infantry\Healer</Filter>
    </ClCompile>
    <ClCompile Include="Armoury.cpp">
      <Filter>Source Files\Units\Structure\UnitBuilder</Filter>
    </ClCompile>
    <ClCompile Include="ConstructionYard.cpp">
      <Filter>Source Files\Units\Structure\UnitBuilder</Filter>
    </ClCompile>
    <ClCompile Include="UnitBuilder.cpp">
      <Filter>Source Files\Units\Structure\UnitBuilder</Filter>
    </ClCompile>
    <ClCompile Include="Attacker.cpp">
      <Filter>Source Files\Units\Infantry\Attacker</Filter>
    </ClCompile>
    <ClCompile Include="Infantry.cpp">
      <Filter>Source Files\Units\Infantry</Filter>
    </ClCompile>
    <ClCompile Include="Healer.cpp">
      <Filter>Source Files\Units\Infantry\Healer</Filter>
    </ClCompile>
    <ClCompile Include="Player.cpp">
      <Filter>Source Files</Filter>
    </ClCompile>
    <ClCompile Include="Defence.cpp">
      <Filter>Source Files\Units\Structure\Defense</Filter>
    </ClCompile>
    <ClCompile Include="DefenceWall.cpp">
      <Filter>Source Files\Units\Structure\Defense</Filter>
    </ClCompile>
    <ClCompile Include="Structure.cpp">
      <Filter>Source Files\Units\Structure</Filter>
    </ClCompile>
    <ClCompile Include="Mechanic.cpp">
      <Filter>Source Files\Units\Infantry\Healer</Filter>
    </ClCompile>
    <ClCompile Include="DefenceTurret.cpp">
      <Filter>Source Files\Units\Structure\Defense</Filter>
    </ClCompile>
    <ClCompile Include="Vehicle.cpp">
      <Filter>Source Files\Units\Vehicle</Filter>
    </ClCompile>
    <ClCompile Include="Tank.cpp">
      <Filter>Source Files\Units\Vehicle</Filter>
    </ClCompile>
    <ClCompile Include="Warthog.cpp">
      <Filter>Source Files\Units\Vehicle</Filter>
    </ClCompile>
    <ClCompile Include="Factory.cpp">
      <Filter>Source Files\Units\Structure\UnitBuilder</Filter>
    </ClCompile>
  </ItemGroup>
  <ItemGroup>
    <ClInclude Include="IUnit.h">
      <Filter>Header Files\Units</Filter>
    </ClInclude>
    <ClInclude Include="BattleField.h">
      <Filter>Header Files</Filter>
    </ClInclude>
    <ClInclude Include="Saboteur.h">
      <Filter>Header Files\Units\Infantry\Attacker</Filter>
    </ClInclude>
    <ClInclude Include="Soldier.h">
      <Filter>Header Files\Units\Infantry\Attacker</Filter>
    </ClInclude>
    <ClInclude Include="Medic.h">
      <Filter>Header Files\Units\Infantry\Healer</Filter>
    </ClInclude>
    <ClInclude Include="Mechanic.h">
      <Filter>Header Files\Units\Infantry\Healer</Filter>
    </ClInclude>
    <ClInclude Include="ConstructionYard.h">
      <Filter>Header Files\Units\Structure\UnitBuilder</Filter>
    </ClInclude>
    <ClInclude Include="Armoury.h">
      <Filter>Header Files\Units\Structure\UnitBuilder</Filter>
    </ClInclude>
    <ClInclude Include="Attacker.h">
      <Filter>Header Files\Units\Infantry\Attacker</Filter>
    </ClInclude>
    <ClInclude Include="Infantry.h">
      <Filter>Header Files\Units\Infantry</Filter>
    </ClInclude>
    <ClInclude Include="EasyGraphics.h">
      <Filter>Header Files</Filter>
    </ClInclude>
    <ClInclude Include="Healer.h">
      <Filter>Header Files\Units\Infantry\Healer</Filter>
    </ClInclude>
    <ClInclude Include="UnitBuilder.h">
      <Filter>Header Files\Units\Structure\UnitBuilder</Filter>
    </ClInclude>
    <ClInclude Include="Player.h">
      <Filter>Header Files</Filter>
    </ClInclude>
    <ClInclude Include="DefenceWall.h">
      <Filter>Header Files\Units\Structure\Defense</Filter>
    </ClInclude>
    <ClInclude Include="Defence.h">
      <Filter>Header Files\Units\Structure\Defense</Filter>
    </ClInclude>
    <ClInclude Include="Structure.h">
      <Filter>Header Files\Units\Structure</Filter>
    </ClInclude>
    <ClInclude Include="DefenceTurret.h">
      <Filter>Header Files\Units\Structure\Defense</Filter>
    </ClInclude>
    <ClInclude Include="Vehicle.h">
      <Filter>Header Files\Units\Vehicle</Filter>
    </ClInclude>
    <ClInclude Include="Tank.h">
      <Filter>Header Files\Units\Vehicle</Filter>
    </ClInclude>
    <ClInclude Include="Warthog.h">
      <Filter>Header Files\Units\Vehicle</Filter>
    </ClInclude>
    <ClInclude Include="Factory.h">
      <Filter>Header Files\Units\Structure\UnitBuilder</Filter>
    </ClInclude>
  </ItemGroup>
</Project>